// !$*UTF8*$!
{
	archiveVersion = 1;
	classes = {
	};
	objectVersion = 46;
	objects = {

/* Begin PBXAggregateTarget section */
		233E2C640A83C768005A62DF /* Build & Copy */ = {
			isa = PBXAggregateTarget;
			buildConfigurationList = 233E2D890A83C7AC005A62DF /* Build configuration list for PBXAggregateTarget "Build & Copy" */;
			buildPhases = (
				233E2C690A83C783005A62DF /* ShellScript */,
			);
			dependencies = (
				233E2C660A83C76D005A62DF /* PBXTargetDependency */,
			);
			name = "Build & Copy";
			productName = "Build & Install";
		};
/* End PBXAggregateTarget section */

/* Begin PBXBuildFile section */
		16BA95420A7EB2EB001E4983 /* BWAnimateVectorFieldPlugIn.m in Sources */ = {isa = PBXBuildFile; fileRef = 16BA95410A7EB2EB001E4983 /* BWAnimateVectorFieldPlugIn.m */; };
		16BA96310A7EB9AC001E4983 /* Quartz.framework in Frameworks */ = {isa = PBXBuildFile; fileRef = 16BA96300A7EB9AC001E4983 /* Quartz.framework */; };
		3D1A6844193E1BB700C7FB65 /* glErrorLogging.m in Sources */ = {isa = PBXBuildFile; fileRef = 3D1A6843193E1BB700C7FB65 /* glErrorLogging.m */; };
		3D54FD18193F8EEE00BA7788 /* BWGLVertexArray.m in Sources */ = {isa = PBXBuildFile; fileRef = 3D54FD15193F8EEE00BA7788 /* BWGLVertexArray.m */; };
		3D54FD19193F8EEE00BA7788 /* BWGLVertexBuffer.m in Sources */ = {isa = PBXBuildFile; fileRef = 3D54FD17193F8EEE00BA7788 /* BWGLVertexBuffer.m */; };
		3D54FD1D193F96F900BA7788 /* glFeatures.m in Sources */ = {isa = PBXBuildFile; fileRef = 3D54FD1C193F96F900BA7788 /* glFeatures.m */; };
		3D54FD21193FC1C400BA7788 /* BWGLShader.m in Sources */ = {isa = PBXBuildFile; fileRef = 3D54FD1F193FC1C400BA7788 /* BWGLShader.m */; };
		3D54FD22193FC1C400BA7788 /* BWGLShader+Render.m in Sources */ = {isa = PBXBuildFile; fileRef = 3D54FD20193FC1C400BA7788 /* BWGLShader+Render.m */; };
		3D54FD27193FC57700BA7788 /* glTypesize.m in Sources */ = {isa = PBXBuildFile; fileRef = 3D54FD26193FC57700BA7788 /* glTypesize.m */; };
		3D54FD29193FC6E200BA7788 /* OpenGL.framework in Frameworks */ = {isa = PBXBuildFile; fileRef = 3D54FD28193FC6E200BA7788 /* OpenGL.framework */; };
		3D54FD2C193FC8D900BA7788 /* particle.fsh in Resources */ = {isa = PBXBuildFile; fileRef = 3D54FD2B193FC8D900BA7788 /* particle.fsh */; };
		3D54FD2E193FC8F400BA7788 /* particle.vsh in Resources */ = {isa = PBXBuildFile; fileRef = 3D54FD2D193FC8F400BA7788 /* particle.vsh */; };
		3DA9C9E01871D3CB00FF9062 /* BWGrid.m in Sources */ = {isa = PBXBuildFile; fileRef = 3DA9C9D91871D3CB00FF9062 /* BWGrid.m */; };
		3DA9C9E11871D3CB00FF9062 /* BWGrid+build.m in Sources */ = {isa = PBXBuildFile; fileRef = 3DA9C9DB1871D3CB00FF9062 /* BWGrid+build.m */; };
		3DA9C9E31871D3CB00FF9062 /* gridBuild.cl in Sources */ = {isa = PBXBuildFile; fileRef = 3DA9C9DE1871D3CB00FF9062 /* gridBuild.cl */; };
		3DA9C9E71871D4D100FF9062 /* OpenCL.framework in Frameworks */ = {isa = PBXBuildFile; fileRef = 3DA9C9E61871D4D100FF9062 /* OpenCL.framework */; };
		3DC1CCEF1871F239007396DF /* BWGrid-Animate.m in Sources */ = {isa = PBXBuildFile; fileRef = 3DC1CCEE1871F239007396DF /* BWGrid-Animate.m */; };
		3DC1CCF11871F24F007396DF /* particleMove.cl in Sources */ = {isa = PBXBuildFile; fileRef = 3DC1CCF01871F24F007396DF /* particleMove.cl */; };
		3DC1CCF41871F47E007396DF /* BWGrid+GLRender.m in Sources */ = {isa = PBXBuildFile; fileRef = 3DC1CCF31871F47E007396DF /* BWGrid+GLRender.m */; };
		8D5B49B4048680CD000E48DA /* Cocoa.framework in Frameworks */ = {isa = PBXBuildFile; fileRef = 1058C7ADFEA557BF11CA2CBB /* Cocoa.framework */; };
/* End PBXBuildFile section */

/* Begin PBXContainerItemProxy section */
		233E2C650A83C76D005A62DF /* PBXContainerItemProxy */ = {
			isa = PBXContainerItemProxy;
			containerPortal = 089C1669FE841209C02AAC07 /* Project object */;
			proxyType = 1;
			remoteGlobalIDString = 8D5B49AC048680CD000E48DA;
			remoteInfo = GLSquare;
		};
/* End PBXContainerItemProxy section */

/* Begin PBXFileReference section */
		1058C7ADFEA557BF11CA2CBB /* Cocoa.framework */ = {isa = PBXFileReference; lastKnownFileType = wrapper.framework; name = Cocoa.framework; path = /System/Library/Frameworks/Cocoa.framework; sourceTree = "<absolute>"; };
		16AA5C440A7EEE7300888E31 /* BWAnimateVectorFieldPlugin_Prefix.pch */ = {isa = PBXFileReference; fileEncoding = 30; lastKnownFileType = sourcecode.c.h; path = BWAnimateVectorFieldPlugin_Prefix.pch; sourceTree = "<group>"; };
		16BA95400A7EB2EB001E4983 /* BWAnimateVectorFieldPlugIn.h */ = {isa = PBXFileReference; fileEncoding = 30; lastKnownFileType = sourcecode.c.h; path = BWAnimateVectorFieldPlugIn.h; sourceTree = "<group>"; };
		16BA95410A7EB2EB001E4983 /* BWAnimateVectorFieldPlugIn.m */ = {isa = PBXFileReference; fileEncoding = 30; lastKnownFileType = sourcecode.c.objc; path = BWAnimateVectorFieldPlugIn.m; sourceTree = "<group>"; };
		16BA96300A7EB9AC001E4983 /* Quartz.framework */ = {isa = PBXFileReference; lastKnownFileType = wrapper.framework; name = Quartz.framework; path = /System/Library/Frameworks/Quartz.framework; sourceTree = "<absolute>"; };
		3D1A6840193CD19B00C7FB65 /* AppConfig.h */ = {isa = PBXFileReference; lastKnownFileType = sourcecode.c.h; path = AppConfig.h; sourceTree = "<group>"; };
		3D1A6842193E1BB700C7FB65 /* glErrorLogging.h */ = {isa = PBXFileReference; fileEncoding = 4; lastKnownFileType = sourcecode.c.h; name = glErrorLogging.h; path = openGL/glErrorLogging.h; sourceTree = "<group>"; };
		3D1A6843193E1BB700C7FB65 /* glErrorLogging.m */ = {isa = PBXFileReference; fileEncoding = 4; lastKnownFileType = sourcecode.c.objc; name = glErrorLogging.m; path = openGL/glErrorLogging.m; sourceTree = "<group>"; };
		3D54FD14193F8EEE00BA7788 /* BWGLVertexArray.h */ = {isa = PBXFileReference; fileEncoding = 4; lastKnownFileType = sourcecode.c.h; name = BWGLVertexArray.h; path = openGL/BWGLVertexArray.h; sourceTree = "<group>"; };
		3D54FD15193F8EEE00BA7788 /* BWGLVertexArray.m */ = {isa = PBXFileReference; fileEncoding = 4; lastKnownFileType = sourcecode.c.objc; name = BWGLVertexArray.m; path = openGL/BWGLVertexArray.m; sourceTree = "<group>"; };
		3D54FD16193F8EEE00BA7788 /* BWGLVertexBuffer.h */ = {isa = PBXFileReference; fileEncoding = 4; lastKnownFileType = sourcecode.c.h; name = BWGLVertexBuffer.h; path = openGL/BWGLVertexBuffer.h; sourceTree = "<group>"; };
		3D54FD17193F8EEE00BA7788 /* BWGLVertexBuffer.m */ = {isa = PBXFileReference; fileEncoding = 4; lastKnownFileType = sourcecode.c.objc; name = BWGLVertexBuffer.m; path = openGL/BWGLVertexBuffer.m; sourceTree = "<group>"; };
		3D54FD1A193F96BE00BA7788 /* glUtil.h */ = {isa = PBXFileReference; fileEncoding = 4; lastKnownFileType = sourcecode.c.h; name = glUtil.h; path = openGL/glUtil.h; sourceTree = "<group>"; };
		3D54FD1C193F96F900BA7788 /* glFeatures.m */ = {isa = PBXFileReference; fileEncoding = 4; lastKnownFileType = sourcecode.c.objc; name = glFeatures.m; path = openGL/glFeatures.m; sourceTree = "<group>"; };
		3D54FD1E193FC1C400BA7788 /* BWGLShader.h */ = {isa = PBXFileReference; fileEncoding = 4; lastKnownFileType = sourcecode.c.h; name = BWGLShader.h; path = openGL/BWGLShader.h; sourceTree = "<group>"; };
		3D54FD1F193FC1C400BA7788 /* BWGLShader.m */ = {isa = PBXFileReference; fileEncoding = 4; lastKnownFileType = sourcecode.c.objc; name = BWGLShader.m; path = openGL/BWGLShader.m; sourceTree = "<group>"; };
		3D54FD20193FC1C400BA7788 /* BWGLShader+Render.m */ = {isa = PBXFileReference; fileEncoding = 4; lastKnownFileType = sourcecode.c.objc; name = "BWGLShader+Render.m"; path = "openGL/BWGLShader+Render.m"; sourceTree = "<group>"; };
		3D54FD26193FC57700BA7788 /* glTypesize.m */ = {isa = PBXFileReference; fileEncoding = 4; lastKnownFileType = sourcecode.c.objc; path = glTypesize.m; sourceTree = "<group>"; };
		3D54FD28193FC6E200BA7788 /* OpenGL.framework */ = {isa = PBXFileReference; lastKnownFileType = wrapper.framework; name = OpenGL.framework; path = /System/Library/Frameworks/OpenGL.framework; sourceTree = "<absolute>"; };
		3D54FD2B193FC8D900BA7788 /* particle.fsh */ = {isa = PBXFileReference; fileEncoding = 4; lastKnownFileType = sourcecode.glsl; name = particle.fsh; path = openGL/particle.fsh; sourceTree = "<group>"; };
		3D54FD2D193FC8F400BA7788 /* particle.vsh */ = {isa = PBXFileReference; fileEncoding = 4; lastKnownFileType = sourcecode.glsl; name = particle.vsh; path = openGL/particle.vsh; sourceTree = "<group>"; };
		3DA9C9D81871D3CB00FF9062 /* BWGrid.h */ = {isa = PBXFileReference; fileEncoding = 4; lastKnownFileType = sourcecode.c.h; path = BWGrid.h; sourceTree = "<group>"; };
		3DA9C9D91871D3CB00FF9062 /* BWGrid.m */ = {isa = PBXFileReference; fileEncoding = 4; lastKnownFileType = sourcecode.c.objc; path = BWGrid.m; sourceTree = "<group>"; };
		3DA9C9DA1871D3CB00FF9062 /* BWGrid+build.h */ = {isa = PBXFileReference; fileEncoding = 4; lastKnownFileType = sourcecode.c.h; path = "BWGrid+build.h"; sourceTree = "<group>"; };
		3DA9C9DB1871D3CB00FF9062 /* BWGrid+build.m */ = {isa = PBXFileReference; fileEncoding = 4; lastKnownFileType = sourcecode.c.objc; path = "BWGrid+build.m"; sourceTree = "<group>"; };
		3DA9C9DE1871D3CB00FF9062 /* gridBuild.cl */ = {isa = PBXFileReference; fileEncoding = 4; lastKnownFileType = sourcecode.opencl; path = gridBuild.cl; sourceTree = "<group>"; };
		3DA9C9E61871D4D100FF9062 /* OpenCL.framework */ = {isa = PBXFileReference; lastKnownFileType = wrapper.framework; name = OpenCL.framework; path = /System/Library/Frameworks/OpenCL.framework; sourceTree = "<absolute>"; };
		3DC1CCED1871F239007396DF /* BWGrid-Animate.h */ = {isa = PBXFileReference; fileEncoding = 4; lastKnownFileType = sourcecode.c.h; path = "BWGrid-Animate.h"; sourceTree = "<group>"; };
		3DC1CCEE1871F239007396DF /* BWGrid-Animate.m */ = {isa = PBXFileReference; fileEncoding = 4; lastKnownFileType = sourcecode.c.objc; path = "BWGrid-Animate.m"; sourceTree = "<group>"; };
		3DC1CCF01871F24F007396DF /* particleMove.cl */ = {isa = PBXFileReference; fileEncoding = 4; lastKnownFileType = sourcecode.opencl; path = particleMove.cl; sourceTree = "<group>"; };
		3DC1CCF21871F47E007396DF /* BWGrid+GLRender.h */ = {isa = PBXFileReference; fileEncoding = 4; lastKnownFileType = sourcecode.c.h; path = "BWGrid+GLRender.h"; sourceTree = "<group>"; };
		3DC1CCF31871F47E007396DF /* BWGrid+GLRender.m */ = {isa = PBXFileReference; fileEncoding = 4; lastKnownFileType = sourcecode.c.objc; path = "BWGrid+GLRender.m"; sourceTree = "<group>"; };
		8D5B49B6048680CD000E48DA /* BWAnimateVectorFieldPlugin.plugin */ = {isa = PBXFileReference; explicitFileType = wrapper.cfbundle; includeInIndex = 0; path = BWAnimateVectorFieldPlugin.plugin; sourceTree = BUILT_PRODUCTS_DIR; };
		8D5B49B7048680CD000E48DA /* Info.plist */ = {isa = PBXFileReference; fileEncoding = 4; lastKnownFileType = text.plist.xml; path = Info.plist; sourceTree = "<group>"; };
/* End PBXFileReference section */

/* Begin PBXFrameworksBuildPhase section */
		8D5B49B3048680CD000E48DA /* Frameworks */ = {
			isa = PBXFrameworksBuildPhase;
			buildActionMask = 2147483647;
			files = (
				8D5B49B4048680CD000E48DA /* Cocoa.framework in Frameworks */,
				3D54FD29193FC6E200BA7788 /* OpenGL.framework in Frameworks */,
				16BA96310A7EB9AC001E4983 /* Quartz.framework in Frameworks */,
				3DA9C9E71871D4D100FF9062 /* OpenCL.framework in Frameworks */,
			);
			runOnlyForDeploymentPostprocessing = 0;
		};
/* End PBXFrameworksBuildPhase section */

/* Begin PBXGroup section */
		089C166AFE841209C02AAC07 /* Quartz Composer Plug In */ = {
			isa = PBXGroup;
			children = (
				3D1A6840193CD19B00C7FB65 /* AppConfig.h */,
				3DA9C9E51871D3E600FF9062 /* Vector Field */,
				08FB77AFFE84173DC02AAC07 /* Classes */,
				32C88E010371C26100C91783 /* Other Sources */,
				3D54FD2A193FC8A700BA7788 /* Shaders */,
				089C167CFE841241C02AAC07 /* Resources */,
				089C1671FE841209C02AAC07 /* Frameworks */,
				19C28FB8FE9D52D311CA2CBB /* Products */,
			);
			name = "Quartz Composer Plug In";
			sourceTree = "<group>";
		};
		089C1671FE841209C02AAC07 /* Frameworks */ = {
			isa = PBXGroup;
			children = (
				3D54FD28193FC6E200BA7788 /* OpenGL.framework */,
				3DA9C9E61871D4D100FF9062 /* OpenCL.framework */,
				16BA96300A7EB9AC001E4983 /* Quartz.framework */,
				1058C7ADFEA557BF11CA2CBB /* Cocoa.framework */,
			);
			name = Frameworks;
			sourceTree = "<group>";
		};
		089C167CFE841241C02AAC07 /* Resources */ = {
			isa = PBXGroup;
			children = (
				8D5B49B7048680CD000E48DA /* Info.plist */,
			);
			name = Resources;
			sourceTree = "<group>";
		};
		08FB77AFFE84173DC02AAC07 /* Classes */ = {
			isa = PBXGroup;
			children = (
				16BA95400A7EB2EB001E4983 /* BWAnimateVectorFieldPlugIn.h */,
				16BA95410A7EB2EB001E4983 /* BWAnimateVectorFieldPlugIn.m */,
			);
			name = Classes;
			sourceTree = "<group>";
		};
		19C28FB8FE9D52D311CA2CBB /* Products */ = {
			isa = PBXGroup;
			children = (
				8D5B49B6048680CD000E48DA /* BWAnimateVectorFieldPlugin.plugin */,
			);
			name = Products;
			sourceTree = "<group>";
		};
		32C88E010371C26100C91783 /* Other Sources */ = {
			isa = PBXGroup;
			children = (
				3D54FD1E193FC1C400BA7788 /* BWGLShader.h */,
				3D54FD1F193FC1C400BA7788 /* BWGLShader.m */,
				3D54FD20193FC1C400BA7788 /* BWGLShader+Render.m */,
				3D54FD1C193F96F900BA7788 /* glFeatures.m */,
				3D54FD1A193F96BE00BA7788 /* glUtil.h */,
				3D54FD14193F8EEE00BA7788 /* BWGLVertexArray.h */,
				3D54FD15193F8EEE00BA7788 /* BWGLVertexArray.m */,
				3D54FD16193F8EEE00BA7788 /* BWGLVertexBuffer.h */,
				3D54FD17193F8EEE00BA7788 /* BWGLVertexBuffer.m */,
				3D1A6842193E1BB700C7FB65 /* glErrorLogging.h */,
				3D1A6843193E1BB700C7FB65 /* glErrorLogging.m */,
				16AA5C440A7EEE7300888E31 /* BWAnimateVectorFieldPlugin_Prefix.pch */,
				3D54FD26193FC57700BA7788 /* glTypesize.m */,
			);
			name = "Other Sources";
			sourceTree = "<group>";
		};
		3D54FD2A193FC8A700BA7788 /* Shaders */ = {
			isa = PBXGroup;
			children = (
				3D54FD2B193FC8D900BA7788 /* particle.fsh */,
				3D54FD2D193FC8F400BA7788 /* particle.vsh */,
			);
			name = Shaders;
			sourceTree = "<group>";
		};
		3DA9C9E51871D3E600FF9062 /* Vector Field */ = {
			isa = PBXGroup;
			children = (
				3DC1CCF01871F24F007396DF /* particleMove.cl */,
				3DC1CCED1871F239007396DF /* BWGrid-Animate.h */,
				3DC1CCEE1871F239007396DF /* BWGrid-Animate.m */,
				3DA9C9D81871D3CB00FF9062 /* BWGrid.h */,
				3DA9C9D91871D3CB00FF9062 /* BWGrid.m */,
				3DA9C9DE1871D3CB00FF9062 /* gridBuild.cl */,
				3DA9C9DA1871D3CB00FF9062 /* BWGrid+build.h */,
				3DA9C9DB1871D3CB00FF9062 /* BWGrid+build.m */,
				3DC1CCF21871F47E007396DF /* BWGrid+GLRender.h */,
				3DC1CCF31871F47E007396DF /* BWGrid+GLRender.m */,
			);
			name = "Vector Field";
			sourceTree = "<group>";
		};
/* End PBXGroup section */

/* Begin PBXNativeTarget section */
		8D5B49AC048680CD000E48DA /* BWAnimateVectorFieldPlugin */ = {
			isa = PBXNativeTarget;
			buildConfigurationList = 1DEB913A08733D840010E9CD /* Build configuration list for PBXNativeTarget "BWAnimateVectorFieldPlugin" */;
			buildPhases = (
				8D5B49AF048680CD000E48DA /* Resources */,
				8D5B49B1048680CD000E48DA /* Sources */,
				8D5B49B3048680CD000E48DA /* Frameworks */,
			);
			buildRules = (
			);
			dependencies = (
			);
			name = BWAnimateVectorFieldPlugin;
			productInstallPath = "$(HOME)/Library/Bundles";
			productName = "Quartz Composer Plug In";
			productReference = 8D5B49B6048680CD000E48DA /* BWAnimateVectorFieldPlugin.plugin */;
			productType = "com.apple.product-type.bundle";
		};
/* End PBXNativeTarget section */

/* Begin PBXProject section */
		089C1669FE841209C02AAC07 /* Project object */ = {
			isa = PBXProject;
			attributes = {
				LastUpgradeCheck = 0500;
			};
			buildConfigurationList = 1DEB913E08733D840010E9CD /* Build configuration list for PBXProject "BWAnimateVectorFieldPlugin" */;
			compatibilityVersion = "Xcode 3.2";
			developmentRegion = English;
			hasScannedForEncodings = 1;
			knownRegions = (
				en,
			);
			mainGroup = 089C166AFE841209C02AAC07 /* Quartz Composer Plug In */;
			projectDirPath = "";
			projectRoot = "";
			targets = (
				8D5B49AC048680CD000E48DA /* BWAnimateVectorFieldPlugin */,
				233E2C640A83C768005A62DF /* Build & Copy */,
			);
		};
/* End PBXProject section */

/* Begin PBXResourcesBuildPhase section */
		8D5B49AF048680CD000E48DA /* Resources */ = {
			isa = PBXResourcesBuildPhase;
			buildActionMask = 2147483647;
			files = (
				3D54FD2E193FC8F400BA7788 /* particle.vsh in Resources */,
				3D54FD2C193FC8D900BA7788 /* particle.fsh in Resources */,
			);
			runOnlyForDeploymentPostprocessing = 0;
		};
/* End PBXResourcesBuildPhase section */

/* Begin PBXShellScriptBuildPhase section */
		233E2C690A83C783005A62DF /* ShellScript */ = {
			isa = PBXShellScriptBuildPhase;
			buildActionMask = 2147483647;
			files = (
			);
			inputPaths = (
			);
			outputPaths = (
			);
			runOnlyForDeploymentPostprocessing = 0;
			shellPath = /bin/sh;
			shellScript = "# This shell script simply copies the built plug-in to \"/Library/Graphics/Quartz Composer Plug-Ins\" and overrides any previous version at that location\n\nrm -rf \"/Library/Graphics/Quartz Composer Plug-Ins/GLImage.plugin\"\ncp -rf \"$BUILT_PRODUCTS_DIR/GLImage.plugin\" \"/Library/Graphics/Quartz Composer Plug-Ins/\"\n";
		};
/* End PBXShellScriptBuildPhase section */

/* Begin PBXSourcesBuildPhase section */
		8D5B49B1048680CD000E48DA /* Sources */ = {
			isa = PBXSourcesBuildPhase;
			buildActionMask = 2147483647;
			files = (
				3D54FD22193FC1C400BA7788 /* BWGLShader+Render.m in Sources */,
				16BA95420A7EB2EB001E4983 /* BWAnimateVectorFieldPlugIn.m in Sources */,
				3DA9C9E31871D3CB00FF9062 /* gridBuild.cl in Sources */,
				3D54FD27193FC57700BA7788 /* glTypesize.m in Sources */,
				3D54FD21193FC1C400BA7788 /* BWGLShader.m in Sources */,
				3DA9C9E01871D3CB00FF9062 /* BWGrid.m in Sources */,
				3DA9C9E11871D3CB00FF9062 /* BWGrid+build.m in Sources */,
				3D54FD18193F8EEE00BA7788 /* BWGLVertexArray.m in Sources */,
				3DC1CCF41871F47E007396DF /* BWGrid+GLRender.m in Sources */,
				3DC1CCF11871F24F007396DF /* particleMove.cl in Sources */,
				3D54FD1D193F96F900BA7788 /* glFeatures.m in Sources */,
				3D54FD19193F8EEE00BA7788 /* BWGLVertexBuffer.m in Sources */,
				3DC1CCEF1871F239007396DF /* BWGrid-Animate.m in Sources */,
				3D1A6844193E1BB700C7FB65 /* glErrorLogging.m in Sources */,
			);
			runOnlyForDeploymentPostprocessing = 0;
		};
/* End PBXSourcesBuildPhase section */

/* Begin PBXTargetDependency section */
		233E2C660A83C76D005A62DF /* PBXTargetDependency */ = {
			isa = PBXTargetDependency;
			target = 8D5B49AC048680CD000E48DA /* BWAnimateVectorFieldPlugin */;
			targetProxy = 233E2C650A83C76D005A62DF /* PBXContainerItemProxy */;
		};
/* End PBXTargetDependency section */

/* Begin XCBuildConfiguration section */
		1DEB913B08733D840010E9CD /* Debug */ = {
			isa = XCBuildConfiguration;
			buildSettings = {
				COMBINE_HIDPI_IMAGES = YES;
				GCC_DYNAMIC_NO_PIC = NO;
				GCC_ENABLE_FIX_AND_CONTINUE = YES;
				GCC_GENERATE_DEBUGGING_SYMBOLS = YES;
				GCC_OPTIMIZATION_LEVEL = 0;
				GCC_PRECOMPILE_PREFIX_HEADER = YES;
				GCC_PREFIX_HEADER = BWAnimateVectorFieldPlugin_Prefix.pch;
				INFOPLIST_FILE = Info.plist;
				INSTALL_PATH = "/Library/Graphics/Quartz Composer Plug-Ins";
				PRODUCT_NAME = BWAnimateVectorFieldPlugin;
				SDKROOT = macosx10.8;
				SKIP_INSTALL = YES;
				WRAPPER_EXTENSION = plugin;
				ZERO_LINK = YES;
			};
			name = Debug;
		};
		1DEB913C08733D840010E9CD /* Release */ = {
			isa = XCBuildConfiguration;
			buildSettings = {
				COMBINE_HIDPI_IMAGES = YES;
				GCC_GENERATE_DEBUGGING_SYMBOLS = NO;
				GCC_PRECOMPILE_PREFIX_HEADER = YES;
				GCC_PREFIX_HEADER = BWAnimateVectorFieldPlugin_Prefix.pch;
				INFOPLIST_FILE = Info.plist;
				INSTALL_PATH = "/Library/Graphics/Quartz Composer Plug-Ins";
				PRODUCT_NAME = BWAnimateVectorFieldPlugin;
				SDKROOT = macosx10.8;
				SKIP_INSTALL = YES;
				WRAPPER_EXTENSION = plugin;
			};
			name = Release;
		};
		1DEB913F08733D840010E9CD /* Debug */ = {
			isa = XCBuildConfiguration;
			buildSettings = {
				CLANG_ENABLE_OBJC_ARC = YES;
				GCC_WARN_UNINITIALIZED_AUTOS = YES;
				MACOSX_DEPLOYMENT_TARGET = 10.8;
				ONLY_ACTIVE_ARCH = YES;
				SDKROOT = macosx;
			};
			name = Debug;
		};
		1DEB914008733D840010E9CD /* Release */ = {
			isa = XCBuildConfiguration;
			buildSettings = {
				CLANG_ENABLE_OBJC_ARC = YES;
				GCC_WARN_UNINITIALIZED_AUTOS = YES;
				MACOSX_DEPLOYMENT_TARGET = 10.8;
				SDKROOT = macosx;
			};
			name = Release;
		};
		233E2D8A0A83C7AC005A62DF /* Debug */ = {
			isa = XCBuildConfiguration;
			buildSettings = {
				COPY_PHASE_STRIP = NO;
				GCC_DYNAMIC_NO_PIC = NO;
				GCC_GENERATE_DEBUGGING_SYMBOLS = YES;
				GCC_OPTIMIZATION_LEVEL = 0;
				PRODUCT_NAME = "Build & Install";
			};
			name = Debug;
		};
		233E2D8B0A83C7AC005A62DF /* Release */ = {
			isa = XCBuildConfiguration;
			buildSettings = {
				COPY_PHASE_STRIP = YES;
				GCC_ENABLE_FIX_AND_CONTINUE = NO;
				GCC_GENERATE_DEBUGGING_SYMBOLS = NO;
				PRODUCT_NAME = "Build & Install";
				ZERO_LINK = NO;
			};
			name = Release;
		};
/* End XCBuildConfiguration section */

/* Begin XCConfigurationList section */
		1DEB913A08733D840010E9CD /* Build configuration list for PBXNativeTarget "BWAnimateVectorFieldPlugin" */ = {
			isa = XCConfigurationList;
			buildConfigurations = (
				1DEB913B08733D840010E9CD /* Debug */,
				1DEB913C08733D840010E9CD /* Release */,
			);
			defaultConfigurationIsVisible = 0;
			defaultConfigurationName = Release;
		};
		1DEB913E08733D840010E9CD /* Build configuration list for PBXProject "BWAnimateVectorFieldPlugin" */ = {
			isa = XCConfigurationList;
			buildConfigurations = (
				1DEB913F08733D840010E9CD /* Debug */,
				1DEB914008733D840010E9CD /* Release */,
			);
			defaultConfigurationIsVisible = 0;
			defaultConfigurationName = Release;
		};
		233E2D890A83C7AC005A62DF /* Build configuration list for PBXAggregateTarget "Build & Copy" */ = {
			isa = XCConfigurationList;
			buildConfigurations = (
				233E2D8A0A83C7AC005A62DF /* Debug */,
				233E2D8B0A83C7AC005A62DF /* Release */,
			);
			defaultConfigurationIsVisible = 0;
			defaultConfigurationName = Release;
		};
/* End XCConfigurationList section */
	};
	rootObject = 089C1669FE841209C02AAC07 /* Project object */;
}
